dependencies:
- name: kube-prometheus-stack
  repository: https://prometheus-community.github.io/helm-charts
  version: 65.1.1
- name: loki
  repository: https://grafana.github.io/helm-charts
  version: 6.7.1
- name: promtail
  repository: https://grafana.github.io/helm-charts
  version: 6.16.6
- name: jaeger
  repository: https://jaegertracing.github.io/helm-charts
  version: 3.1.1
- name: opentelemetry-collector
  repository: https://open-telemetry.github.io/opentelemetry-helm-charts
  version: 0.108.0
digest: sha256:361299ac0dcb5342b56c139d259f6006ed31021708a85080fc02c37f387ebad5
generated: "2026-06-09T13:43:52.240026373+05:30"
